// !$*UTF8*$!
{
	archiveVersion = 1;
	classes = {
	};
	objectVersion = 55;
	objects = {

/* Begin PBXBuildFile section */
		690C890E27FDC9720023A257 /* LoginViewController.swift in Sources */ = {isa = PBXBuildFile; fileRef = 690C890D27FDC9720023A257 /* LoginViewController.swift */; };
		690C891027FDCB090023A257 /* WelcomeViewController.swift in Sources */ = {isa = PBXBuildFile; fileRef = 690C890F27FDCB090023A257 /* WelcomeViewController.swift */; };
		690C891227FDCC170023A257 /* SignUpIDViewController.swift in Sources */ = {isa = PBXBuildFile; fileRef = 690C891127FDCC170023A257 /* SignUpIDViewController.swift */; };
		690C891427FDCC3D0023A257 /* SignUpPWViewController.swift in Sources */ = {isa = PBXBuildFile; fileRef = 690C891327FDCC3D0023A257 /* SignUpPWViewController.swift */; };
		690FDAB92808332B00128419 /* Extension.swift in Sources */ = {isa = PBXBuildFile; fileRef = 690FDAB82808332B00128419 /* Extension.swift */; };
		692F630A27FA7A6000EB2F7E /* AppDelegate.swift in Sources */ = {isa = PBXBuildFile; fileRef = 692F630927FA7A6000EB2F7E /* AppDelegate.swift */; };
		692F630C27FA7A6000EB2F7E /* SceneDelegate.swift in Sources */ = {isa = PBXBuildFile; fileRef = 692F630B27FA7A6000EB2F7E /* SceneDelegate.swift */; };
		692F631127FA7A6000EB2F7E /* Main.storyboard in Resources */ = {isa = PBXBuildFile; fileRef = 692F630F27FA7A6000EB2F7E /* Main.storyboard */; };
		692F631327FA7A6300EB2F7E /* Assets.xcassets in Resources */ = {isa = PBXBuildFile; fileRef = 692F631227FA7A6300EB2F7E /* Assets.xcassets */; };
		692F631627FA7A6300EB2F7E /* LaunchScreen.storyboard in Resources */ = {isa = PBXBuildFile; fileRef = 692F631427FA7A6300EB2F7E /* LaunchScreen.storyboard */; };
		6967079528086A4E00061BDF /* CustomTabBar.storyboard in Resources */ = {isa = PBXBuildFile; fileRef = 6967079428086A4E00061BDF /* CustomTabBar.storyboard */; };
		6967079928086B2200061BDF /* CustomTabBarController.swift in Sources */ = {isa = PBXBuildFile; fileRef = 6967079828086B2200061BDF /* CustomTabBarController.swift */; };
		6967079B2808723600061BDF /* HomeViewController.swift in Sources */ = {isa = PBXBuildFile; fileRef = 6967079A2808723600061BDF /* HomeViewController.swift */; };
		6967079D2808724F00061BDF /* SearchViewController.swift in Sources */ = {isa = PBXBuildFile; fileRef = 6967079C2808724F00061BDF /* SearchViewController.swift */; };
		6967079F2808725F00061BDF /* ReelsViewController.swift in Sources */ = {isa = PBXBuildFile; fileRef = 6967079E2808725F00061BDF /* ReelsViewController.swift */; };
		696707A1280872F400061BDF /* ShopViewController.swift in Sources */ = {isa = PBXBuildFile; fileRef = 696707A0280872F400061BDF /* ShopViewController.swift */; };
		696707A32808730D00061BDF /* MyPageViewController.swift in Sources */ = {isa = PBXBuildFile; fileRef = 696707A22808730D00061BDF /* MyPageViewController.swift */; };
		699F47B1280A3F86003BB874 /* Image.swift in Sources */ = {isa = PBXBuildFile; fileRef = 699F47B0280A3F86003BB874 /* Image.swift */; };
		69EA352E28056B6500F9D8CF /* SignUpStoryboard.storyboard in Resources */ = {isa = PBXBuildFile; fileRef = 69EA352D28056B6500F9D8CF /* SignUpStoryboard.storyboard */; };
		69EA353028056FF800F9D8CF /* WelcomeStoryboard.storyboard in Resources */ = {isa = PBXBuildFile; fileRef = 69EA352F28056FF800F9D8CF /* WelcomeStoryboard.storyboard */; };
		69EA3535280595CC00F9D8CF /* LoginStoryboard.storyboard in Resources */ = {isa = PBXBuildFile; fileRef = 69EA3534280595CC00F9D8CF /* LoginStoryboard.storyboard */; };
		69EA35382805977D00F9D8CF /* Const.swift in Sources */ = {isa = PBXBuildFile; fileRef = 69EA35372805977D00F9D8CF /* Const.swift */; };
		69EA353A2805978C00F9D8CF /* Storyboard.swift in Sources */ = {isa = PBXBuildFile; fileRef = 69EA35392805978C00F9D8CF /* Storyboard.swift */; };
		69EA353C280597A700F9D8CF /* ViewController.swift in Sources */ = {isa = PBXBuildFile; fileRef = 69EA353B280597A700F9D8CF /* ViewController.swift */; };
/* End PBXBuildFile section */

/* Begin PBXFileReference section */
		690C890D27FDC9720023A257 /* LoginViewController.swift */ = {isa = PBXFileReference; lastKnownFileType = sourcecode.swift; path = LoginViewController.swift; sourceTree = "<group>"; };
		690C890F27FDCB090023A257 /* WelcomeViewController.swift */ = {isa = PBXFileReference; lastKnownFileType = sourcecode.swift; path = WelcomeViewController.swift; sourceTree = "<group>"; };
		690C891127FDCC170023A257 /* SignUpIDViewController.swift */ = {isa = PBXFileReference; lastKnownFileType = sourcecode.swift; path = SignUpIDViewController.swift; sourceTree = "<group>"; };
		690C891327FDCC3D0023A257 /* SignUpPWViewController.swift */ = {isa = PBXFileReference; lastKnownFileType = sourcecode.swift; path = SignUpPWViewController.swift; sourceTree = "<group>"; };
		690FDAB82808332B00128419 /* Extension.swift */ = {isa = PBXFileReference; lastKnownFileType = sourcecode.swift; path = Extension.swift; sourceTree = "<group>"; };
		692F630627FA7A6000EB2F7E /* sopt30th_2nd assignment.app */ = {isa = PBXFileReference; explicitFileType = wrapper.application; includeInIndex = 0; path = "sopt30th_2nd assignment.app"; sourceTree = BUILT_PRODUCTS_DIR; };
		692F630927FA7A6000EB2F7E /* AppDelegate.swift */ = {isa = PBXFileReference; lastKnownFileType = sourcecode.swift; path = AppDelegate.swift; sourceTree = "<group>"; };
		692F630B27FA7A6000EB2F7E /* SceneDelegate.swift */ = {isa = PBXFileReference; lastKnownFileType = sourcecode.swift; path = SceneDelegate.swift; sourceTree = "<group>"; };
		692F631027FA7A6000EB2F7E /* Base */ = {isa = PBXFileReference; lastKnownFileType = file.storyboard; name = Base; path = Base.lproj/Main.storyboard; sourceTree = "<group>"; };
		692F631227FA7A6300EB2F7E /* Assets.xcassets */ = {isa = PBXFileReference; lastKnownFileType = folder.assetcatalog; path = Assets.xcassets; sourceTree = "<group>"; };
		692F631527FA7A6300EB2F7E /* Base */ = {isa = PBXFileReference; lastKnownFileType = file.storyboard; name = Base; path = Base.lproj/LaunchScreen.storyboard; sourceTree = "<group>"; };
		692F631727FA7A6300EB2F7E /* Info.plist */ = {isa = PBXFileReference; lastKnownFileType = text.plist.xml; path = Info.plist; sourceTree = "<group>"; };
		6967079428086A4E00061BDF /* CustomTabBar.storyboard */ = {isa = PBXFileReference; lastKnownFileType = file.storyboard; path = CustomTabBar.storyboard; sourceTree = "<group>"; };
		6967079828086B2200061BDF /* CustomTabBarController.swift */ = {isa = PBXFileReference; lastKnownFileType = sourcecode.swift; path = CustomTabBarController.swift; sourceTree = "<group>"; };
		6967079A2808723600061BDF /* HomeViewController.swift */ = {isa = PBXFileReference; lastKnownFileType = sourcecode.swift; path = HomeViewController.swift; sourceTree = "<group>"; };
		6967079C2808724F00061BDF /* SearchViewController.swift */ = {isa = PBXFileReference; lastKnownFileType = sourcecode.swift; path = SearchViewController.swift; sourceTree = "<group>"; };
		6967079E2808725F00061BDF /* ReelsViewController.swift */ = {isa = PBXFileReference; lastKnownFileType = sourcecode.swift; path = ReelsViewController.swift; sourceTree = "<group>"; };
		696707A0280872F400061BDF /* ShopViewController.swift */ = {isa = PBXFileReference; lastKnownFileType = sourcecode.swift; path = ShopViewController.swift; sourceTree = "<group>"; };
		696707A22808730D00061BDF /* MyPageViewController.swift */ = {isa = PBXFileReference; lastKnownFileType = sourcecode.swift; path = MyPageViewController.swift; sourceTree = "<group>"; };
		699F47B0280A3F86003BB874 /* Image.swift */ = {isa = PBXFileReference; lastKnownFileType = sourcecode.swift; path = Image.swift; sourceTree = "<group>"; };
		69EA352D28056B6500F9D8CF /* SignUpStoryboard.storyboard */ = {isa = PBXFileReference; lastKnownFileType = file.storyboard; path = SignUpStoryboard.storyboard; sourceTree = "<group>"; };
		69EA352F28056FF800F9D8CF /* WelcomeStoryboard.storyboard */ = {isa = PBXFileReference; lastKnownFileType = file.storyboard; path = WelcomeStoryboard.storyboard; sourceTree = "<group>"; };
		69EA3534280595CC00F9D8CF /* LoginStoryboard.storyboard */ = {isa = PBXFileReference; lastKnownFileType = file.storyboard; path = LoginStoryboard.storyboard; sourceTree = "<group>"; };
		69EA35372805977D00F9D8CF /* Const.swift */ = {isa = PBXFileReference; lastKnownFileType = sourcecode.swift; path = Const.swift; sourceTree = "<group>"; };
		69EA35392805978C00F9D8CF /* Storyboard.swift */ = {isa = PBXFileReference; lastKnownFileType = sourcecode.swift; path = Storyboard.swift; sourceTree = "<group>"; };
		69EA353B280597A700F9D8CF /* ViewController.swift */ = {isa = PBXFileReference; lastKnownFileType = sourcecode.swift; path = ViewController.swift; sourceTree = "<group>"; };
/* End PBXFileReference section */

/* Begin PBXFrameworksBuildPhase section */
		692F630327FA7A6000EB2F7E /* Frameworks */ = {
			isa = PBXFrameworksBuildPhase;
			buildActionMask = 2147483647;
			files = (
			);
			runOnlyForDeploymentPostprocessing = 0;
		};
/* End PBXFrameworksBuildPhase section */

/* Begin PBXGroup section */
		692F62FD27FA7A6000EB2F7E = {
			isa = PBXGroup;
			children = (
				692F630827FA7A6000EB2F7E /* sopt30th_2nd assignment */,
				692F630727FA7A6000EB2F7E /* Products */,
			);
			sourceTree = "<group>";
		};
		692F630727FA7A6000EB2F7E /* Products */ = {
			isa = PBXGroup;
			children = (
				692F630627FA7A6000EB2F7E /* sopt30th_2nd assignment.app */,
			);
			name = Products;
			sourceTree = "<group>";
		};
		692F630827FA7A6000EB2F7E /* sopt30th_2nd assignment */ = {
			isa = PBXGroup;
			children = (
				6967079328086A1900061BDF /* InstagramTabBar */,
				69EA35362805975B00F9D8CF /* Constants */,
				69EA35332805954800F9D8CF /* Welcome */,
				69EA35322805952F00F9D8CF /* SignUp */,
				69EA3531280594DF00F9D8CF /* Login */,
				692F630927FA7A6000EB2F7E /* AppDelegate.swift */,
				692F630B27FA7A6000EB2F7E /* SceneDelegate.swift */,
				692F630F27FA7A6000EB2F7E /* Main.storyboard */,
				692F631227FA7A6300EB2F7E /* Assets.xcassets */,
				692F631427FA7A6300EB2F7E /* LaunchScreen.storyboard */,
				692F631727FA7A6300EB2F7E /* Info.plist */,
				690FDAB82808332B00128419 /* Extension.swift */,
			);
			path = "sopt30th_2nd assignment";
			sourceTree = "<group>";
		};
		6967079328086A1900061BDF /* InstagramTabBar */ = {
			isa = PBXGroup;
			children = (
				6967079428086A4E00061BDF /* CustomTabBar.storyboard */,
				6967079828086B2200061BDF /* CustomTabBarController.swift */,
				6967079A2808723600061BDF /* HomeViewController.swift */,
				6967079C2808724F00061BDF /* SearchViewController.swift */,
				6967079E2808725F00061BDF /* ReelsViewController.swift */,
				696707A0280872F400061BDF /* ShopViewController.swift */,
				696707A22808730D00061BDF /* MyPageViewController.swift */,
			);
			path = InstagramTabBar;
			sourceTree = "<group>";
		};
		69EA3531280594DF00F9D8CF /* Login */ = {
			isa = PBXGroup;
			children = (
				690C890D27FDC9720023A257 /* LoginViewController.swift */,
				69EA3534280595CC00F9D8CF /* LoginStoryboard.storyboard */,
			);
			path = Login;
			sourceTree = "<group>";
		};
		69EA35322805952F00F9D8CF /* SignUp */ = {
			isa = PBXGroup;
			children = (
				69EA352D28056B6500F9D8CF /* SignUpStoryboard.storyboard */,
				690C891327FDCC3D0023A257 /* SignUpPWViewController.swift */,
				690C891127FDCC170023A257 /* SignUpIDViewController.swift */,
			);
			path = SignUp;
			sourceTree = "<group>";
		};
		69EA35332805954800F9D8CF /* Welcome */ = {
			isa = PBXGroup;
			children = (
				690C890F27FDCB090023A257 /* WelcomeViewController.swift */,
				69EA352F28056FF800F9D8CF /* WelcomeStoryboard.storyboard */,
			);
			path = Welcome;
			sourceTree = "<group>";
		};
		69EA35362805975B00F9D8CF /* Constants */ = {
			isa = PBXGroup;
			children = (
				69EA35372805977D00F9D8CF /* Const.swift */,
				69EA35392805978C00F9D8CF /* Storyboard.swift */,
				69EA353B280597A700F9D8CF /* ViewController.swift */,
				699F47B0280A3F86003BB874 /* Image.swift */,
			);
			path = Constants;
			sourceTree = "<group>";
		};
/* End PBXGroup section */

/* Begin PBXNativeTarget section */
		692F630527FA7A6000EB2F7E /* sopt30th_2nd assignment */ = {
			isa = PBXNativeTarget;
			buildConfigurationList = 692F631A27FA7A6300EB2F7E /* Build configuration list for PBXNativeTarget "sopt30th_2nd assignment" */;
			buildPhases = (
				692F630227FA7A6000EB2F7E /* Sources */,
				692F630327FA7A6000EB2F7E /* Frameworks */,
				692F630427FA7A6000EB2F7E /* Resources */,
			);
			buildRules = (
			);
			dependencies = (
			);
			name = "sopt30th_2nd assignment";
			productName = "sopt30th_1st HW";
			productReference = 692F630627FA7A6000EB2F7E /* sopt30th_2nd assignment.app */;
			productType = "com.apple.product-type.application";
		};
/* End PBXNativeTarget section */

/* Begin PBXProject section */
		692F62FE27FA7A6000EB2F7E /* Project object */ = {
			isa = PBXProject;
			attributes = {
				BuildIndependentTargetsInParallel = 1;
				LastSwiftUpdateCheck = 1330;
				LastUpgradeCheck = 1330;
				TargetAttributes = {
					692F630527FA7A6000EB2F7E = {
						CreatedOnToolsVersion = 13.3;
					};
				};
			};
			buildConfigurationList = 692F630127FA7A6000EB2F7E /* Build configuration list for PBXProject "sopt30th_2nd assignment" */;
			compatibilityVersion = "Xcode 13.0";
			developmentRegion = en;
			hasScannedForEncodings = 0;
			knownRegions = (
				en,
				Base,
			);
			mainGroup = 692F62FD27FA7A6000EB2F7E;
			productRefGroup = 692F630727FA7A6000EB2F7E /* Products */;
			projectDirPath = "";
			projectRoot = "";
			targets = (
				692F630527FA7A6000EB2F7E /* sopt30th_2nd assignment */,
			);
		};
/* End PBXProject section */

/* Begin PBXResourcesBuildPhase section */
		692F630427FA7A6000EB2F7E /* Resources */ = {
			isa = PBXResourcesBuildPhase;
			buildActionMask = 2147483647;
			files = (
				692F631627FA7A6300EB2F7E /* LaunchScreen.storyboard in Resources */,
				692F631327FA7A6300EB2F7E /* Assets.xcassets in Resources */,
				69EA352E28056B6500F9D8CF /* SignUpStoryboard.storyboard in Resources */,
				6967079528086A4E00061BDF /* CustomTabBar.storyboard in Resources */,
				69EA3535280595CC00F9D8CF /* LoginStoryboard.storyboard in Resources */,
				692F631127FA7A6000EB2F7E /* Main.storyboard in Resources */,
				69EA353028056FF800F9D8CF /* WelcomeStoryboard.storyboard in Resources */,
			);
			runOnlyForDeploymentPostprocessing = 0;
		};
/* End PBXResourcesBuildPhase section */

/* Begin PBXSourcesBuildPhase section */
		692F630227FA7A6000EB2F7E /* Sources */ = {
			isa = PBXSourcesBuildPhase;
			buildActionMask = 2147483647;
			files = (
				69EA353C280597A700F9D8CF /* ViewController.swift in Sources */,
				690C891227FDCC170023A257 /* SignUpIDViewController.swift in Sources */,
				696707A1280872F400061BDF /* ShopViewController.swift in Sources */,
				690C890E27FDC9720023A257 /* LoginViewController.swift in Sources */,
				690C891027FDCB090023A257 /* WelcomeViewController.swift in Sources */,
				6967079F2808725F00061BDF /* ReelsViewController.swift in Sources */,
				692F630A27FA7A6000EB2F7E /* AppDelegate.swift in Sources */,
				696707A32808730D00061BDF /* MyPageViewController.swift in Sources */,
				6967079928086B2200061BDF /* CustomTabBarController.swift in Sources */,
				690FDAB92808332B00128419 /* Extension.swift in Sources */,
				69EA35382805977D00F9D8CF /* Const.swift in Sources */,
				699F47B1280A3F86003BB874 /* Image.swift in Sources */,
				6967079D2808724F00061BDF /* SearchViewController.swift in Sources */,
				692F630C27FA7A6000EB2F7E /* SceneDelegate.swift in Sources */,
				69EA353A2805978C00F9D8CF /* Storyboard.swift in Sources */,
				690C891427FDCC3D0023A257 /* SignUpPWViewController.swift in Sources */,
				6967079B2808723600061BDF /* HomeViewController.swift in Sources */,
			);
			runOnlyForDeploymentPostprocessing = 0;
		};
/* End PBXSourcesBuildPhase section */

/* Begin PBXVariantGroup section */
		692F630F27FA7A6000EB2F7E /* Main.storyboard */ = {
			isa = PBXVariantGroup;
			children = (
				692F631027FA7A6000EB2F7E /* Base */,
			);
			name = Main.storyboard;
			sourceTree = "<group>";
		};
		692F631427FA7A6300EB2F7E /* LaunchScreen.storyboard */ = {
			isa = PBXVariantGroup;
			children = (
				692F631527FA7A6300EB2F7E /* Base */,
			);
			name = LaunchScreen.storyboard;
			sourceTree = "<group>";
		};
/* End PBXVariantGroup section */

/* Begin XCBuildConfiguration section */
		692F631827FA7A6300EB2F7E /* Debug */ = {
			isa = XCBuildConfiguration;
			buildSettings = {
				ALWAYS_SEARCH_USER_PATHS = NO;
				CLANG_ANALYZER_NONNULL = YES;
				CLANG_ANALYZER_NUMBER_OBJECT_CONVERSION = YES_AGGRESSIVE;
				CLANG_CXX_LANGUAGE_STANDARD = "gnu++17";
				CLANG_ENABLE_MODULES = YES;
				CLANG_ENABLE_OBJC_ARC = YES;
				CLANG_ENABLE_OBJC_WEAK = YES;
				CLANG_WARN_BLOCK_CAPTURE_AUTORELEASING = YES;
				CLANG_WARN_BOOL_CONVERSION = YES;
				CLANG_WARN_COMMA = YES;
				CLANG_WARN_CONSTANT_CONVERSION = YES;
				CLANG_WARN_DEPRECATED_OBJC_IMPLEMENTATIONS = YES;
				CLANG_WARN_DIRECT_OBJC_ISA_USAGE = YES_ERROR;
				CLANG_WARN_DOCUMENTATION_COMMENTS = YES;
				CLANG_WARN_EMPTY_BODY = YES;
				CLANG_WARN_ENUM_CONVERSION = YES;
				CLANG_WARN_INFINITE_RECURSION = YES;
				CLANG_WARN_INT_CONVERSION = YES;
				CLANG_WARN_NON_LITERAL_NULL_CONVERSION = YES;
				CLANG_WARN_OBJC_IMPLICIT_RETAIN_SELF = YES;
				CLANG_WARN_OBJC_LITERAL_CONVERSION = YES;
				CLANG_WARN_OBJC_ROOT_CLASS = YES_ERROR;
				CLANG_WARN_QUOTED_INCLUDE_IN_FRAMEWORK_HEADER = YES;
				CLANG_WARN_RANGE_LOOP_ANALYSIS = YES;
				CLANG_WARN_STRICT_PROTOTYPES = YES;
				CLANG_WARN_SUSPICIOUS_MOVE = YES;
				CLANG_WARN_UNGUARDED_AVAILABILITY = YES_AGGRESSIVE;
				CLANG_WARN_UNREACHABLE_CODE = YES;
				CLANG_WARN__DUPLICATE_METHOD_MATCH = YES;
				COPY_PHASE_STRIP = NO;
				DEBUG_INFORMATION_FORMAT = dwarf;
				ENABLE_STRICT_OBJC_MSGSEND = YES;
				ENABLE_TESTABILITY = YES;
				GCC_C_LANGUAGE_STANDARD = gnu11;
				GCC_DYNAMIC_NO_PIC = NO;
				GCC_NO_COMMON_BLOCKS = YES;
				GCC_OPTIMIZATION_LEVEL = 0;
				GCC_PREPROCESSOR_DEFINITIONS = (
					"DEBUG=1",
					"$(inherited)",
				);
				GCC_WARN_64_TO_32_BIT_CONVERSION = YES;
				GCC_WARN_ABOUT_RETURN_TYPE = YES_ERROR;
				GCC_WARN_UNDECLARED_SELECTOR = YES;
				GCC_WARN_UNINITIALIZED_AUTOS = YES_AGGRESSIVE;
				GCC_WARN_UNUSED_FUNCTION = YES;
				GCC_WARN_UNUSED_VARIABLE = YES;
				IPHONEOS_DEPLOYMENT_TARGET = 15.4;
				MTL_ENABLE_DEBUG_INFO = INCLUDE_SOURCE;
				MTL_FAST_MATH = YES;
				ONLY_ACTIVE_ARCH = YES;
				SDKROOT = iphoneos;
				SWIFT_ACTIVE_COMPILATION_CONDITIONS = DEBUG;
				SWIFT_OPTIMIZATION_LEVEL = "-Onone";
			};
			name = Debug;
		};
		692F631927FA7A6300EB2F7E /* Release */ = {
			isa = XCBuildConfiguration;
			buildSettings = {
				ALWAYS_SEARCH_USER_PATHS = NO;
				CLANG_ANALYZER_NONNULL = YES;
				CLANG_ANALYZER_NUMBER_OBJECT_CONVERSION = YES_AGGRESSIVE;
				CLANG_CXX_LANGUAGE_STANDARD = "gnu++17";
				CLANG_ENABLE_MODULES = YES;
				CLANG_ENABLE_OBJC_ARC = YES;
				CLANG_ENABLE_OBJC_WEAK = YES;
				CLANG_WARN_BLOCK_CAPTURE_AUTORELEASING = YES;
				CLANG_WARN_BOOL_CONVERSION = YES;
				CLANG_WARN_COMMA = YES;
				CLANG_WARN_CONSTANT_CONVERSION = YES;
				CLANG_WARN_DEPRECATED_OBJC_IMPLEMENTATIONS = YES;
				CLANG_WARN_DIRECT_OBJC_ISA_USAGE = YES_ERROR;
				CLANG_WARN_DOCUMENTATION_COMMENTS = YES;
				CLANG_WARN_EMPTY_BODY = YES;
				CLANG_WARN_ENUM_CONVERSION = YES;
				CLANG_WARN_INFINITE_RECURSION = YES;
				CLANG_WARN_INT_CONVERSION = YES;
				CLANG_WARN_NON_LITERAL_NULL_CONVERSION = YES;
				CLANG_WARN_OBJC_IMPLICIT_RETAIN_SELF = YES;
				CLANG_WARN_OBJC_LITERAL_CONVERSION = YES;
				CLANG_WARN_OBJC_ROOT_CLASS = YES_ERROR;
				CLANG_WARN_QUOTED_INCLUDE_IN_FRAMEWORK_HEADER = YES;
				CLANG_WARN_RANGE_LOOP_ANALYSIS = YES;
				CLANG_WARN_STRICT_PROTOTYPES = YES;
				CLANG_WARN_SUSPICIOUS_MOVE = YES;
				CLANG_WARN_UNGUARDED_AVAILABILITY = YES_AGGRESSIVE;
				CLANG_WARN_UNREACHABLE_CODE = YES;
				CLANG_WARN__DUPLICATE_METHOD_MATCH = YES;
				COPY_PHASE_STRIP = NO;
				DEBUG_INFORMATION_FORMAT = "dwarf-with-dsym";
				ENABLE_NS_ASSERTIONS = NO;
				ENABLE_STRICT_OBJC_MSGSEND = YES;
				GCC_C_LANGUAGE_STANDARD = gnu11;
				GCC_NO_COMMON_BLOCKS = YES;
				GCC_WARN_64_TO_32_BIT_CONVERSION = YES;
				GCC_WARN_ABOUT_RETURN_TYPE = YES_ERROR;
				GCC_WARN_UNDECLARED_SELECTOR = YES;
				GCC_WARN_UNINITIALIZED_AUTOS = YES_AGGRESSIVE;
				GCC_WARN_UNUSED_FUNCTION = YES;
				GCC_WARN_UNUSED_VARIABLE = YES;
				IPHONEOS_DEPLOYMENT_TARGET = 15.4;
				MTL_ENABLE_DEBUG_INFO = NO;
				MTL_FAST_MATH = YES;
				SDKROOT = iphoneos;
				SWIFT_COMPILATION_MODE = wholemodule;
				SWIFT_OPTIMIZATION_LEVEL = "-O";
				VALIDATE_PRODUCT = YES;
			};
			name = Release;
		};
		692F631B27FA7A6300EB2F7E /* Debug */ = {
			isa = XCBuildConfiguration;
			buildSettings = {
				ASSETCATALOG_COMPILER_APPICON_NAME = AppIcon;
				ASSETCATALOG_COMPILER_GLOBAL_ACCENT_COLOR_NAME = AccentColor;
				CODE_SIGN_STYLE = Automatic;
				CURRENT_PROJECT_VERSION = 1;
				DEVELOPMENT_TEAM = 9YCVZHNG67;
				GENERATE_INFOPLIST_FILE = YES;
				INFOPLIST_FILE = "sopt30th_2nd assignment/Info.plist";
				INFOPLIST_KEY_UIApplicationSupportsIndirectInputEvents = YES;
				INFOPLIST_KEY_UILaunchStoryboardName = LaunchScreen;
				INFOPLIST_KEY_UIMainStoryboardFile = Main;
				INFOPLIST_KEY_UISupportedInterfaceOrientations_iPad = "UIInterfaceOrientationPortrait UIInterfaceOrientationPortraitUpsideDown UIInterfaceOrientationLandscapeLeft UIInterfaceOrientationLandscapeRight";
				INFOPLIST_KEY_UISupportedInterfaceOrientations_iPhone = "UIInterfaceOrientationPortrait UIInterfaceOrientationLandscapeLeft UIInterfaceOrientationLandscapeRight";
				LD_RUNPATH_SEARCH_PATHS = (
					"$(inherited)",
					"@executable_path/Frameworks",
				);
				MARKETING_VERSION = 1.0;
				PRODUCT_BUNDLE_IDENTIFIER = "org-sopt.sopt30th-2nd-assignment";
				PRODUCT_NAME = "$(TARGET_NAME)";
				SWIFT_EMIT_LOC_STRINGS = YES;
				SWIFT_VERSION = 5.0;
				TARGETED_DEVICE_FAMILY = "1,2";
			};
			name = Debug;
		};
		692F631C27FA7A6300EB2F7E /* Release */ = {
			isa = XCBuildConfiguration;
			buildSettings = {
				ASSETCATALOG_COMPILER_APPICON_NAME = AppIcon;
				ASSETCATALOG_COMPILER_GLOBAL_ACCENT_COLOR_NAME = AccentColor;
				CODE_SIGN_STYLE = Automatic;
				CURRENT_PROJECT_VERSION = 1;
				DEVELOPMENT_TEAM = 9YCVZHNG67;
				GENERATE_INFOPLIST_FILE = YES;
				INFOPLIST_FILE = "sopt30th_2nd assignment/Info.plist";
				INFOPLIST_KEY_UIApplicationSupportsIndirectInputEvents = YES;
				INFOPLIST_KEY_UILaunchStoryboardName = LaunchScreen;
				INFOPLIST_KEY_UIMainStoryboardFile = Main;
				INFOPLIST_KEY_UISupportedInterfaceOrientations_iPad = "UIInterfaceOrientationPortrait UIInterfaceOrientationPortraitUpsideDown UIInterfaceOrientationLandscapeLeft UIInterfaceOrientationLandscapeRight";
				INFOPLIST_KEY_UISupportedInterfaceOrientations_iPhone = "UIInterfaceOrientationPortrait UIInterfaceOrientationLandscapeLeft UIInterfaceOrientationLandscapeRight";
				LD_RUNPATH_SEARCH_PATHS = (
					"$(inherited)",
					"@executable_path/Frameworks",
				);
				MARKETING_VERSION = 1.0;
				PRODUCT_BUNDLE_IDENTIFIER = "org-sopt.sopt30th-2nd-assignment";
				PRODUCT_NAME = "$(TARGET_NAME)";
				SWIFT_EMIT_LOC_STRINGS = YES;
				SWIFT_VERSION = 5.0;
				TARGETED_DEVICE_FAMILY = "1,2";
			};
			name = Release;
		};
/* End XCBuildConfiguration section */

/* Begin XCConfigurationList section */
		692F630127FA7A6000EB2F7E /* Build configuration list for PBXProject "sopt30th_2nd assignment" */ = {
			isa = XCConfigurationList;
			buildConfigurations = (
				692F631827FA7A6300EB2F7E /* Debug */,
				692F631927FA7A6300EB2F7E /* Release */,
			);
			defaultConfigurationIsVisible = 0;
			defaultConfigurationName = Release;
		};
		692F631A27FA7A6300EB2F7E /* Build configuration list for PBXNativeTarget "sopt30th_2nd assignment" */ = {
			isa = XCConfigurationList;
			buildConfigurations = (
				692F631B27FA7A6300EB2F7E /* Debug */,
				692F631C27FA7A6300EB2F7E /* Release */,
			);
			defaultConfigurationIsVisible = 0;
			defaultConfigurationName = Release;
		};
/* End XCConfigurationList section */
	};
	rootObject = 692F62FE27FA7A6000EB2F7E /* Project object */;
}
